
Microsoft Visual Studio Solution File, Format Version 12.00
# Visual Studio 15
VisualStudioVersion = 15.0.27004.2005
MinimumVisualStudioVersion = 10.0.40219.1
Project("{9A19103F-16F7-4668-BE54-9A1E7A4F7556}") = "PSUAdService", "PSUAdService\PSUAdService.csproj", "{5F0822FD-0358-49C1-81F0-52F45E333065}"
EndProject
Global
	GlobalSection(SolutionConfigurationPlatforms) = preSolution
		Debug|Any CPU = Debug|Any CPU
		Release|Any CPU = Release|Any CPU
	EndGlobalSection
	GlobalSection(ProjectConfigurationPlatforms) = postSolution
		{5F0822FD-0358-49C1-81F0-52F45E333065}.Debug|Any CPU.ActiveCfg = Debug|Any CPU
		{5F0822FD-0358-49C1-81F0-52F45E333065}.Debug|Any CPU.Build.0 = Debug|Any CPU
		{5F0822FD-0358-49C1-81F0-52F45E333065}.Release|Any CPU.ActiveCfg = Release|Any CPU
		{5F0822FD-0358-49C1-81F0-52F45E333065}.Release|Any CPU.Build.0 = Release|Any CPU
	EndGlobalSection
	GlobalSection(SolutionProperties) = preSolution
		HideSolutionNode = FALSE
	EndGlobalSection
	GlobalSection(ExtensibilityGlobals) = postSolution
		SolutionGuid = {DB2086F9-FBBC-4C20-A417-79127AED6EAF}
	EndGlobalSection
EndGlobal
